
Microsoft Visual Studio Solution File, Format Version 12.00
# Visual Studio 15
Project("{FAE04EC0-301F-11D3-BF4B-00C04F79EFBC}") = "HADotNet.Core", "HADotNet\HADotNet.Core.csproj", "{43B94E76-1CC3-4969-B028-43C1DFDD47D1}"
EndProject
Project("{FAE04EC0-301F-11D3-BF4B-00C04F79EFBC}") = "HADotNet.Core.Tests", "HADotNet.Core.Tests\HADotNet.Core.Tests.csproj", "{6252F12E-1C91-4644-A6E1-6A21476D0877}"
EndProject
Global
	GlobalSection(SolutionConfigurationPlatforms) = preSolution
		Debug|Any CPU = Debug|Any CPU
		Release|Any CPU = Release|Any CPU
	EndGlobalSection
	GlobalSection(ProjectConfigurationPlatforms) = postSolution
		{43B94E76-1CC3-4969-B028-43C1DFDD47D1}.Debug|Any CPU.ActiveCfg = Debug|Any CPU
		{43B94E76-1CC3-4969-B028-43C1DFDD47D1}.Debug|Any CPU.Build.0 = Debug|Any CPU
		{43B94E76-1CC3-4969-B028-43C1DFDD47D1}.Release|Any CPU.ActiveCfg = Release|Any CPU
		{43B94E76-1CC3-4969-B028-43C1DFDD47D1}.Release|Any CPU.Build.0 = Release|Any CPU
		{6252F12E-1C91-4644-A6E1-6A21476D0877}.Debug|Any CPU.ActiveCfg = Debug|Any CPU
		{6252F12E-1C91-4644-A6E1-6A21476D0877}.Debug|Any CPU.Build.0 = Debug|Any CPU
		{6252F12E-1C91-4644-A6E1-6A21476D0877}.Release|Any CPU.ActiveCfg = Release|Any CPU
		{6252F12E-1C91-4644-A6E1-6A21476D0877}.Release|Any CPU.Build.0 = Release|Any CPU
	EndGlobalSection
EndGlobal
