Microsoft Visual Studio Solution File, Format Version 12.00
# Visual Studio Version 16
VisualStudioVersion = 16.0.28922.388
MinimumVisualStudioVersion = 10.0.40219.1
Project("{9A19103F-16F7-4668-BE54-9A1E7A4F7556}") = "HADotNet.Core.Tests", "HADotNet.Core.Tests\HADotNet.Core.Tests.csproj", "{6252F12E-1C91-4644-A6E1-6A21476D0877}"
EndProject
Project("{2150E333-8FDC-42A3-9474-1A3956D46DE8}") = "Solution Items", "Solution Items", "{63BB834E-E432-4C11-B7EB-2C1391F57139}"
	ProjectSection(SolutionItems) = preProject
		LICENSE = LICENSE
		README.md = README.md
	EndProjectSection
EndProject
Project("{9A19103F-16F7-4668-BE54-9A1E7A4F7556}") = "HADotNet.Core", "HADotNet.Core\HADotNet.Core.csproj", "{7134B62B-2B16-4549-955D-FDB6C079B64D}"
EndProject
Project("{FAE04EC0-301F-11D3-BF4B-00C04F79EFBC}") = "HADotNet.Entities", "HADotNet.Entities\HADotNet.Entities.csproj", "{17C986F3-C485-458E-8B35-23A6BA1F80D5}"
EndProject
Project("{FAE04EC0-301F-11D3-BF4B-00C04F79EFBC}") = "HADotNet.Entities.Tests", "HADotNet.Entities.Tests\HADotNet.Entities.Tests.csproj", "{0B7299E7-0868-4A7A-B562-7944C4A2F95D}"
EndProject
Global
	GlobalSection(SolutionConfigurationPlatforms) = preSolution
		Debug|Any CPU = Debug|Any CPU
		Release|Any CPU = Release|Any CPU
	EndGlobalSection
	GlobalSection(ProjectConfigurationPlatforms) = postSolution
		{6252F12E-1C91-4644-A6E1-6A21476D0877}.Debug|Any CPU.ActiveCfg = Debug|Any CPU
		{6252F12E-1C91-4644-A6E1-6A21476D0877}.Debug|Any CPU.Build.0 = Debug|Any CPU
		{6252F12E-1C91-4644-A6E1-6A21476D0877}.Release|Any CPU.ActiveCfg = Release|Any CPU
		{6252F12E-1C91-4644-A6E1-6A21476D0877}.Release|Any CPU.Build.0 = Release|Any CPU
		{7134B62B-2B16-4549-955D-FDB6C079B64D}.Debug|Any CPU.ActiveCfg = Debug|Any CPU
		{7134B62B-2B16-4549-955D-FDB6C079B64D}.Debug|Any CPU.Build.0 = Debug|Any CPU
		{7134B62B-2B16-4549-955D-FDB6C079B64D}.Release|Any CPU.ActiveCfg = Release|Any CPU
		{7134B62B-2B16-4549-955D-FDB6C079B64D}.Release|Any CPU.Build.0 = Release|Any CPU
		{17C986F3-C485-458E-8B35-23A6BA1F80D5}.Debug|Any CPU.ActiveCfg = Debug|Any CPU
		{17C986F3-C485-458E-8B35-23A6BA1F80D5}.Debug|Any CPU.Build.0 = Debug|Any CPU
		{17C986F3-C485-458E-8B35-23A6BA1F80D5}.Release|Any CPU.ActiveCfg = Release|Any CPU
		{17C986F3-C485-458E-8B35-23A6BA1F80D5}.Release|Any CPU.Build.0 = Release|Any CPU
		{0B7299E7-0868-4A7A-B562-7944C4A2F95D}.Debug|Any CPU.ActiveCfg = Debug|Any CPU
		{0B7299E7-0868-4A7A-B562-7944C4A2F95D}.Debug|Any CPU.Build.0 = Debug|Any CPU
		{0B7299E7-0868-4A7A-B562-7944C4A2F95D}.Release|Any CPU.ActiveCfg = Release|Any CPU
		{0B7299E7-0868-4A7A-B562-7944C4A2F95D}.Release|Any CPU.Build.0 = Release|Any CPU
	EndGlobalSection
	GlobalSection(SolutionProperties) = preSolution
		HideSolutionNode = FALSE
	EndGlobalSection
	GlobalSection(ExtensibilityGlobals) = postSolution
		SolutionGuid = {14266C8C-5F44-4443-BC21-21AAC074EE9A}
	EndGlobalSection
EndGlobal
